{
    "_readme": [
        "This file locks the dependencies of your project to a known state",
        "Read more about it at https://getcomposer.org/doc/01-basic-usage.md#composer-lock-the-lock-file",
        "This file is @generated automatically"
    ],
    "content-hash": "4fae9abadec4acc2f82cac72c167228f",
    "packages": [
        {
            "name": "kilbiller/fphp",
            "version": "v1.0.3",
            "source": {
                "type": "git",
                "url": "https://github.com/kilbiller/fphp.git",
                "reference": "ae48191c1be5cf608ed3e4fe1b0e11e53c1e8eea"
            },
            "dist": {
                "type": "zip",
                "url": "https://api.github.com/repos/kilbiller/fphp/zipball/ae48191c1be5cf608ed3e4fe1b0e11e53c1e8eea",
                "reference": "ae48191c1be5cf608ed3e4fe1b0e11e53c1e8eea",
                "shasum": ""
            },
            "require": {
                "php": ">=7.0"
            },
            "require-dev": {
                "consistence/coding-standard": "^2.1",
                "kahlan/kahlan": "^3.1",
                "squizlabs/php_codesniffer": "^3.0"
            },
            "type": "library",
            "autoload": {
                "psr-4": {
                    "fphp\\": "src/"
                },
                "files": [
                    "src/utils/reflexify.php",
                    "src/compose.php",
                    "src/concat.php",
                    "src/curry.php",
                    "src/curry1.php",
                    "src/curry2.php",
                    "src/curry3.php",
                    "src/curryN.php",
                    "src/every.php",
                    "src/filter.php",
                    "src/find.php",
                    "src/first.php",
                    "src/flatMap.php",
                    "src/flatten.php",
                    "src/flip.php",
                    "src/flow.php",
                    "src/identity.php",
                    "src/includes.php",
                    "src/join.php",
                    "src/last.php",
                    "src/map.php",
                    "src/negate.php",
                    "src/none.php",
                    "src/not.php",
                    "src/prop.php",
                    "src/reduce.php",
                    "src/reject.php",
                    "src/reverse.php",
                    "src/some.php",
                    "src/uniq.php",
                    "src/uniqWith.php",
                    "src/zip.php"
                ]
            },
            "notification-url": "https://packagist.org/downloads/",
            "license": [
                "MIT"
            ],
            "authors": [
                {
                    "name": "Rémy Peru",
                    "email": "peru.remy@gmail.com"
                }
            ],
            "description": "A set of auto-curried immutable data-last functions for PHP. Inspired by lodash/fp.",
            "time": "2017-10-27T09:21:19+00:00"
        }
    ],
    "packages-dev": [
        {
            "name": "kahlan/kahlan",
            "version": "3.1.18",
            "source": {
                "type": "git",
                "url": "https://github.com/kahlan/kahlan.git",
                "reference": "598c3682ca47fef162398a7acd706acd4fe39798"
            },
            "dist": {
                "type": "zip",
                "url": "https://api.github.com/repos/kahlan/kahlan/zipball/598c3682ca47fef162398a7acd706acd4fe39798",
                "reference": "598c3682ca47fef162398a7acd706acd4fe39798",
                "shasum": ""
            },
            "require": {
                "php": ">=5.4"
            },
            "require-dev": {
                "squizlabs/php_codesniffer": "^2.7"
            },
            "bin": [
                "bin/kahlan"
            ],
            "type": "library",
            "autoload": {
                "psr-4": {
                    "Kahlan\\": "src/"
                },
                "files": [
                    "src/functions.php"
                ]
            },
            "notification-url": "https://packagist.org/downloads/",
            "license": [
                "MIT"
            ],
            "authors": [
                {
                    "name": "CrysaLEAD"
                }
            ],
            "description": "The PHP Test Framework for Freedom, Truth and Justice.",
            "keywords": [
                "BDD",
                "Behavior-Driven Development",
                "Monkey Patching",
                "TDD",
                "mock",
                "stub",
                "testing",
                "unit test"
            ],
            "time": "2017-08-12T20:37:11+00:00"
        }
    ],
    "aliases": [],
    "minimum-stability": "stable",
    "stability-flags": [],
    "prefer-stable": false,
    "prefer-lowest": false,
    "platform": {
        "php": ">=7.0"
    },
    "platform-dev": []
}
